
Microsoft Visual Studio Solution File, Format Version 12.00
# Visual Studio Version 17
VisualStudioVersion = 17.4.33110.190
MinimumVisualStudioVersion = 10.0.40219.1
Project("{8BC9CEB8-8B4A-11D0-8D11-00A0C91BC942}") = "1.SimpleWindowsApp1", "SimpleWindowsApp1\SimpleWindowsApp1.vcxproj", "{F2867BF9-49E9-4615-B180-868314235EDC}"
EndProject
Project("{8BC9CEB8-8B4A-11D0-8D11-00A0C91BC942}") = "2.PaintingLab", "PaintingLab\PaintingLab.vcxproj", "{1E9138E1-50FB-4F2F-A3DE-F2A9F030999F}"
EndProject
Project("{8BC9CEB8-8B4A-11D0-8D11-00A0C91BC942}") = "3.TimersLab", "TimersLab\TimersLab.vcxproj", "{1CF9A50C-387A-4A9B-8AC2-1FDCA3D60E7D}"
EndProject
Project("{8BC9CEB8-8B4A-11D0-8D11-00A0C91BC942}") = "KeyboardInputLab", "KeyboardInputLab\KeyboardInputLab.vcxproj", "{78E732F5-6631-4A7D-8A4B-94A17FE0CD3B}"
EndProject
Global
	GlobalSection(SolutionConfigurationPlatforms) = preSolution
		Debug|x64 = Debug|x64
		Debug|x86 = Debug|x86
		Release|x64 = Release|x64
		Release|x86 = Release|x86
	EndGlobalSection
	GlobalSection(ProjectConfigurationPlatforms) = postSolution
		{F2867BF9-49E9-4615-B180-868314235EDC}.Debug|x64.ActiveCfg = Debug|x64
		{F2867BF9-49E9-4615-B180-868314235EDC}.Debug|x64.Build.0 = Debug|x64
		{F2867BF9-49E9-4615-B180-868314235EDC}.Debug|x86.ActiveCfg = Debug|Win32
		{F2867BF9-49E9-4615-B180-868314235EDC}.Debug|x86.Build.0 = Debug|Win32
		{F2867BF9-49E9-4615-B180-868314235EDC}.Release|x64.ActiveCfg = Release|x64
		{F2867BF9-49E9-4615-B180-868314235EDC}.Release|x64.Build.0 = Release|x64
		{F2867BF9-49E9-4615-B180-868314235EDC}.Release|x86.ActiveCfg = Release|Win32
		{F2867BF9-49E9-4615-B180-868314235EDC}.Release|x86.Build.0 = Release|Win32
		{1E9138E1-50FB-4F2F-A3DE-F2A9F030999F}.Debug|x64.ActiveCfg = Debug|x64
		{1E9138E1-50FB-4F2F-A3DE-F2A9F030999F}.Debug|x64.Build.0 = Debug|x64
		{1E9138E1-50FB-4F2F-A3DE-F2A9F030999F}.Debug|x86.ActiveCfg = Debug|Win32
		{1E9138E1-50FB-4F2F-A3DE-F2A9F030999F}.Debug|x86.Build.0 = Debug|Win32
		{1E9138E1-50FB-4F2F-A3DE-F2A9F030999F}.Release|x64.ActiveCfg = Release|x64
		{1E9138E1-50FB-4F2F-A3DE-F2A9F030999F}.Release|x64.Build.0 = Release|x64
		{1E9138E1-50FB-4F2F-A3DE-F2A9F030999F}.Release|x86.ActiveCfg = Release|Win32
		{1E9138E1-50FB-4F2F-A3DE-F2A9F030999F}.Release|x86.Build.0 = Release|Win32
		{1CF9A50C-387A-4A9B-8AC2-1FDCA3D60E7D}.Debug|x64.ActiveCfg = Debug|x64
		{1CF9A50C-387A-4A9B-8AC2-1FDCA3D60E7D}.Debug|x64.Build.0 = Debug|x64
		{1CF9A50C-387A-4A9B-8AC2-1FDCA3D60E7D}.Debug|x86.ActiveCfg = Debug|Win32
		{1CF9A50C-387A-4A9B-8AC2-1FDCA3D60E7D}.Debug|x86.Build.0 = Debug|Win32
		{1CF9A50C-387A-4A9B-8AC2-1FDCA3D60E7D}.Release|x64.ActiveCfg = Release|x64
		{1CF9A50C-387A-4A9B-8AC2-1FDCA3D60E7D}.Release|x64.Build.0 = Release|x64
		{1CF9A50C-387A-4A9B-8AC2-1FDCA3D60E7D}.Release|x86.ActiveCfg = Release|Win32
		{1CF9A50C-387A-4A9B-8AC2-1FDCA3D60E7D}.Release|x86.Build.0 = Release|Win32
		{78E732F5-6631-4A7D-8A4B-94A17FE0CD3B}.Debug|x64.ActiveCfg = Debug|x64
		{78E732F5-6631-4A7D-8A4B-94A17FE0CD3B}.Debug|x64.Build.0 = Debug|x64
		{78E732F5-6631-4A7D-8A4B-94A17FE0CD3B}.Debug|x86.ActiveCfg = Debug|Win32
		{78E732F5-6631-4A7D-8A4B-94A17FE0CD3B}.Debug|x86.Build.0 = Debug|Win32
		{78E732F5-6631-4A7D-8A4B-94A17FE0CD3B}.Release|x64.ActiveCfg = Release|x64
		{78E732F5-6631-4A7D-8A4B-94A17FE0CD3B}.Release|x64.Build.0 = Release|x64
		{78E732F5-6631-4A7D-8A4B-94A17FE0CD3B}.Release|x86.ActiveCfg = Release|Win32
		{78E732F5-6631-4A7D-8A4B-94A17FE0CD3B}.Release|x86.Build.0 = Release|Win32
	EndGlobalSection
	GlobalSection(SolutionProperties) = preSolution
		HideSolutionNode = FALSE
	EndGlobalSection
	GlobalSection(ExtensibilityGlobals) = postSolution
		SolutionGuid = {9BF1D362-E08E-4569-9C6F-A6BA2AB680C1}
	EndGlobalSection
EndGlobal
